
Microsoft Visual Studio Solution File, Format Version 12.00
# Visual Studio Version 16
VisualStudioVersion = 16.0.31205.134
MinimumVisualStudioVersion = 10.0.40219.1
Project("{FAE04EC0-301F-11D3-BF4B-00C04F79EFBC}") = "TextEncrypter", "TextEncrypter\TextEncrypter.csproj", "{FAC7DE0F-3A27-4E55-9A64-2E3597BE961F}"
EndProject
Global
	GlobalSection(SolutionConfigurationPlatforms) = preSolution
		Debug|Any CPU = Debug|Any CPU
		Release|Any CPU = Release|Any CPU
	EndGlobalSection
	GlobalSection(ProjectConfigurationPlatforms) = postSolution
		{FAC7DE0F-3A27-4E55-9A64-2E3597BE961F}.Debug|Any CPU.ActiveCfg = Debug|Any CPU
		{FAC7DE0F-3A27-4E55-9A64-2E3597BE961F}.Debug|Any CPU.Build.0 = Debug|Any CPU
		{FAC7DE0F-3A27-4E55-9A64-2E3597BE961F}.Release|Any CPU.ActiveCfg = Release|Any CPU
		{FAC7DE0F-3A27-4E55-9A64-2E3597BE961F}.Release|Any CPU.Build.0 = Release|Any CPU
	EndGlobalSection
	GlobalSection(SolutionProperties) = preSolution
		HideSolutionNode = FALSE
	EndGlobalSection
	GlobalSection(ExtensibilityGlobals) = postSolution
		SolutionGuid = {4BBD95CB-DBD7-4166-9F1A-730ABE0266F7}
	EndGlobalSection
EndGlobal
