
Microsoft Visual Studio Solution File, Format Version 12.00
# Visual Studio Version 16
VisualStudioVersion = 16.0.31205.134
MinimumVisualStudioVersion = 10.0.40219.1
Project("{FAE04EC0-301F-11D3-BF4B-00C04F79EFBC}") = "Bmi_calculator", "Bmi_calculator\Bmi_calculator.csproj", "{FDA76D08-9C02-4609-8980-161717673F07}"
EndProject
Global
	GlobalSection(SolutionConfigurationPlatforms) = preSolution
		Debug|Any CPU = Debug|Any CPU
		Release|Any CPU = Release|Any CPU
	EndGlobalSection
	GlobalSection(ProjectConfigurationPlatforms) = postSolution
		{FDA76D08-9C02-4609-8980-161717673F07}.Debug|Any CPU.ActiveCfg = Debug|Any CPU
		{FDA76D08-9C02-4609-8980-161717673F07}.Debug|Any CPU.Build.0 = Debug|Any CPU
		{FDA76D08-9C02-4609-8980-161717673F07}.Release|Any CPU.ActiveCfg = Release|Any CPU
		{FDA76D08-9C02-4609-8980-161717673F07}.Release|Any CPU.Build.0 = Release|Any CPU
	EndGlobalSection
	GlobalSection(SolutionProperties) = preSolution
		HideSolutionNode = FALSE
	EndGlobalSection
	GlobalSection(ExtensibilityGlobals) = postSolution
		SolutionGuid = {557F99B7-DC6C-4DD9-A392-5DD720FCA416}
	EndGlobalSection
EndGlobal
