
Microsoft Visual Studio Solution File, Format Version 12.00
# Visual Studio Version 16
VisualStudioVersion = 16.0.31205.134
MinimumVisualStudioVersion = 10.0.40219.1
Project("{FAE04EC0-301F-11D3-BF4B-00C04F79EFBC}") = "GradesHelper", "GradesHelper\GradesHelper.csproj", "{6A4E547D-A465-4589-BE4F-161EA834BE2A}"
EndProject
Project("{FAE04EC0-301F-11D3-BF4B-00C04F79EFBC}") = "GradesHelper.Tests", "GradesHelper.Tests\GradesHelper.Tests.csproj", "{8D4139AC-529A-43E3-9907-DBC200756789}"
EndProject
Project("{FAE04EC0-301F-11D3-BF4B-00C04F79EFBC}") = "GradesHelper.Tests.NSubstitute", "GradesHelper.Tests.NSubstitute\GradesHelper.Tests.NSubstitute.csproj", "{4B616780-0815-4717-9920-3E8CE2576B81}"
EndProject
Global
	GlobalSection(SolutionConfigurationPlatforms) = preSolution
		Debug|Any CPU = Debug|Any CPU
		Release|Any CPU = Release|Any CPU
	EndGlobalSection
	GlobalSection(ProjectConfigurationPlatforms) = postSolution
		{6A4E547D-A465-4589-BE4F-161EA834BE2A}.Debug|Any CPU.ActiveCfg = Debug|Any CPU
		{6A4E547D-A465-4589-BE4F-161EA834BE2A}.Debug|Any CPU.Build.0 = Debug|Any CPU
		{6A4E547D-A465-4589-BE4F-161EA834BE2A}.Release|Any CPU.ActiveCfg = Release|Any CPU
		{6A4E547D-A465-4589-BE4F-161EA834BE2A}.Release|Any CPU.Build.0 = Release|Any CPU
		{8D4139AC-529A-43E3-9907-DBC200756789}.Debug|Any CPU.ActiveCfg = Debug|Any CPU
		{8D4139AC-529A-43E3-9907-DBC200756789}.Debug|Any CPU.Build.0 = Debug|Any CPU
		{8D4139AC-529A-43E3-9907-DBC200756789}.Release|Any CPU.ActiveCfg = Release|Any CPU
		{8D4139AC-529A-43E3-9907-DBC200756789}.Release|Any CPU.Build.0 = Release|Any CPU
		{4B616780-0815-4717-9920-3E8CE2576B81}.Debug|Any CPU.ActiveCfg = Debug|Any CPU
		{4B616780-0815-4717-9920-3E8CE2576B81}.Debug|Any CPU.Build.0 = Debug|Any CPU
		{4B616780-0815-4717-9920-3E8CE2576B81}.Release|Any CPU.ActiveCfg = Release|Any CPU
		{4B616780-0815-4717-9920-3E8CE2576B81}.Release|Any CPU.Build.0 = Release|Any CPU
	EndGlobalSection
	GlobalSection(SolutionProperties) = preSolution
		HideSolutionNode = FALSE
	EndGlobalSection
	GlobalSection(ExtensibilityGlobals) = postSolution
		SolutionGuid = {D405FD36-9CC7-44E4-930A-A32E521093CD}
	EndGlobalSection
EndGlobal
