
Microsoft Visual Studio Solution File, Format Version 12.00
# Visual Studio Version 16
VisualStudioVersion = 16.0.31205.134
MinimumVisualStudioVersion = 10.0.40219.1
Project("{FAE04EC0-301F-11D3-BF4B-00C04F79EFBC}") = "Quotes", "Quotes\Quotes.csproj", "{287E0179-821E-4F31-8FE7-F2CC49980AC0}"
EndProject
Project("{FAE04EC0-301F-11D3-BF4B-00C04F79EFBC}") = "Quotes.Tests", "Quotes.Tests\Quotes.Tests.csproj", "{7CB50966-3B11-438E-97F9-090CFE411C98}"
EndProject
Global
	GlobalSection(SolutionConfigurationPlatforms) = preSolution
		Debug|Any CPU = Debug|Any CPU
		Release|Any CPU = Release|Any CPU
	EndGlobalSection
	GlobalSection(ProjectConfigurationPlatforms) = postSolution
		{287E0179-821E-4F31-8FE7-F2CC49980AC0}.Debug|Any CPU.ActiveCfg = Debug|Any CPU
		{287E0179-821E-4F31-8FE7-F2CC49980AC0}.Debug|Any CPU.Build.0 = Debug|Any CPU
		{287E0179-821E-4F31-8FE7-F2CC49980AC0}.Release|Any CPU.ActiveCfg = Release|Any CPU
		{287E0179-821E-4F31-8FE7-F2CC49980AC0}.Release|Any CPU.Build.0 = Release|Any CPU
		{7CB50966-3B11-438E-97F9-090CFE411C98}.Debug|Any CPU.ActiveCfg = Debug|Any CPU
		{7CB50966-3B11-438E-97F9-090CFE411C98}.Debug|Any CPU.Build.0 = Debug|Any CPU
		{7CB50966-3B11-438E-97F9-090CFE411C98}.Release|Any CPU.ActiveCfg = Release|Any CPU
		{7CB50966-3B11-438E-97F9-090CFE411C98}.Release|Any CPU.Build.0 = Release|Any CPU
	EndGlobalSection
	GlobalSection(SolutionProperties) = preSolution
		HideSolutionNode = FALSE
	EndGlobalSection
	GlobalSection(ExtensibilityGlobals) = postSolution
		SolutionGuid = {1F4C1337-453E-4E46-8F85-318140978AFA}
	EndGlobalSection
EndGlobal
