
Microsoft Visual Studio Solution File, Format Version 12.00
# Visual Studio Version 16
VisualStudioVersion = 16.0.31205.134
MinimumVisualStudioVersion = 10.0.40219.1
Project("{FAE04EC0-301F-11D3-BF4B-00C04F79EFBC}") = "Les1", "Les1\Les1.csproj", "{AC3D68D5-8145-4F00-8572-8FC858A7550C}"
EndProject
Project("{FAE04EC0-301F-11D3-BF4B-00C04F79EFBC}") = "Les1.Tests", "Les1.Tests\Les1.Tests.csproj", "{5493FC88-C52C-4775-A424-B10F2E6A0244}"
EndProject
Global
	GlobalSection(SolutionConfigurationPlatforms) = preSolution
		Debug|Any CPU = Debug|Any CPU
		Release|Any CPU = Release|Any CPU
	EndGlobalSection
	GlobalSection(ProjectConfigurationPlatforms) = postSolution
		{AC3D68D5-8145-4F00-8572-8FC858A7550C}.Debug|Any CPU.ActiveCfg = Debug|Any CPU
		{AC3D68D5-8145-4F00-8572-8FC858A7550C}.Debug|Any CPU.Build.0 = Debug|Any CPU
		{AC3D68D5-8145-4F00-8572-8FC858A7550C}.Release|Any CPU.ActiveCfg = Release|Any CPU
		{AC3D68D5-8145-4F00-8572-8FC858A7550C}.Release|Any CPU.Build.0 = Release|Any CPU
		{5493FC88-C52C-4775-A424-B10F2E6A0244}.Debug|Any CPU.ActiveCfg = Debug|Any CPU
		{5493FC88-C52C-4775-A424-B10F2E6A0244}.Debug|Any CPU.Build.0 = Debug|Any CPU
		{5493FC88-C52C-4775-A424-B10F2E6A0244}.Release|Any CPU.ActiveCfg = Release|Any CPU
		{5493FC88-C52C-4775-A424-B10F2E6A0244}.Release|Any CPU.Build.0 = Release|Any CPU
	EndGlobalSection
	GlobalSection(SolutionProperties) = preSolution
		HideSolutionNode = FALSE
	EndGlobalSection
	GlobalSection(ExtensibilityGlobals) = postSolution
		SolutionGuid = {C84B67E2-0DE9-437F-86B1-69A2030C437F}
	EndGlobalSection
EndGlobal
